{
  "name": "arc-nodes",
  "version": "0.0.40",
  "lockfileVersion": 3,
  "requires": true,
  "packages": {
    "": {
      "name": "arc-nodes",
      "version": "0.0.38",
      "license": "MIT",
      "bin": {
        "create-arcnode": "bin/create-arcnode.js"
      },
      "devDependencies": {}
    }
  }
}
